
Microsoft Visual Studio Solution File, Format Version 12.00
# Visual Studio Version 16
VisualStudioVersion = 16.0.30225.117
MinimumVisualStudioVersion = 10.0.40219.1
Project("{9A19103F-16F7-4668-BE54-9A1E7A4F7556}") = "RabbitWorker.Domain", "RabbitWorker.Domain\RabbitWorker.Domain.csproj", "{DB018E16-CD47-4D24-B432-D4F0A4341FA9}"
EndProject
Project("{9A19103F-16F7-4668-BE54-9A1E7A4F7556}") = "RabbitWorker.Data", "RabbitWorker.Data\RabbitWorker.Data.csproj", "{30AC312C-CC80-4F6C-8454-6542A14A9AC5}"
EndProject
Project("{FAE04EC0-301F-11D3-BF4B-00C04F79EFBC}") = "Worker", "Worker\Worker.csproj", "{F2251570-B2A4-4E8B-A1C2-2B45FA2188D6}"
EndProject
Global
	GlobalSection(SolutionConfigurationPlatforms) = preSolution
		Debug|Any CPU = Debug|Any CPU
		Release|Any CPU = Release|Any CPU
	EndGlobalSection
	GlobalSection(ProjectConfigurationPlatforms) = postSolution
		{DB018E16-CD47-4D24-B432-D4F0A4341FA9}.Debug|Any CPU.ActiveCfg = Debug|Any CPU
		{DB018E16-CD47-4D24-B432-D4F0A4341FA9}.Debug|Any CPU.Build.0 = Debug|Any CPU
		{DB018E16-CD47-4D24-B432-D4F0A4341FA9}.Release|Any CPU.ActiveCfg = Release|Any CPU
		{DB018E16-CD47-4D24-B432-D4F0A4341FA9}.Release|Any CPU.Build.0 = Release|Any CPU
		{30AC312C-CC80-4F6C-8454-6542A14A9AC5}.Debug|Any CPU.ActiveCfg = Debug|Any CPU
		{30AC312C-CC80-4F6C-8454-6542A14A9AC5}.Debug|Any CPU.Build.0 = Debug|Any CPU
		{30AC312C-CC80-4F6C-8454-6542A14A9AC5}.Release|Any CPU.ActiveCfg = Release|Any CPU
		{30AC312C-CC80-4F6C-8454-6542A14A9AC5}.Release|Any CPU.Build.0 = Release|Any CPU
		{F2251570-B2A4-4E8B-A1C2-2B45FA2188D6}.Debug|Any CPU.ActiveCfg = Debug|Any CPU
		{F2251570-B2A4-4E8B-A1C2-2B45FA2188D6}.Debug|Any CPU.Build.0 = Debug|Any CPU
		{F2251570-B2A4-4E8B-A1C2-2B45FA2188D6}.Release|Any CPU.ActiveCfg = Release|Any CPU
		{F2251570-B2A4-4E8B-A1C2-2B45FA2188D6}.Release|Any CPU.Build.0 = Release|Any CPU
	EndGlobalSection
	GlobalSection(SolutionProperties) = preSolution
		HideSolutionNode = FALSE
	EndGlobalSection
	GlobalSection(ExtensibilityGlobals) = postSolution
		SolutionGuid = {F8E1A3B6-7092-4FD1-9201-7045955DAE88}
	EndGlobalSection
EndGlobal
